Microsoft Visual Studio Solution File, Format Version 12.00
# Visual Studio 15
VisualStudioVersion = 15.0.28307.271
MinimumVisualStudioVersion = 10.0.40219.1
Project("{FAE04EC0-301F-11D3-BF4B-00C04F79EFBC}") = "RaspiCommon", "RaspiCommon\RaspiCommon.csproj", "{0194337C-274D-42F2-A1DB-0166F0AC73EB}"
EndProject
Project("{FAE04EC0-301F-11D3-BF4B-00C04F79EFBC}") = "TrackBot", "TrackBot\TrackBot.csproj", "{6B773885-06A6-43CD-AC14-15868C325596}"
EndProject
Project("{FAE04EC0-301F-11D3-BF4B-00C04F79EFBC}") = "Testing", "Testing\Testing.csproj", "{60A7BC6C-FC97-42BA-82C5-53FE42E30B39}"
EndProject
Project("{FAE04EC0-301F-11D3-BF4B-00C04F79EFBC}") = "Radar", "Radar\Radar.csproj", "{573B503C-3E2C-45C2-B2E3-47FF0E0BD0A0}"
EndProject
Project("{FAE04EC0-301F-11D3-BF4B-00C04F79EFBC}") = "MQTT", "MQTT\MQTT.csproj", "{52296CEF-4BC8-423A-A1D9-9B900B3E99B9}"
EndProject
Project("{FAE04EC0-301F-11D3-BF4B-00C04F79EFBC}") = "TrackBotCommon", "TrackBotCommon\TrackBotCommon.csproj", "{BAA12E3A-EED6-4607-BE68-C6DD3780FA36}"
EndProject
Project("{FAE04EC0-301F-11D3-BF4B-00C04F79EFBC}") = "KanoopControls", "KanoopControls\KanoopControls.csproj", "{9F996F82-02C2-410D-8B69-B7DCECC507E4}"
EndProject
Project("{2150E333-8FDC-42A3-9474-1A3956D46DE8}") = "Solution Items", "Solution Items", "{551B759F-4B93-4998-98FB-5DB3CB3660CC}"
	ProjectSection(SolutionItems) = preProject
		checkhosts.sh = checkhosts.sh
		README.txt = README.txt
		synctopi.sh = synctopi.sh
	EndProjectSection
EndProject
Project("{FAE04EC0-301F-11D3-BF4B-00C04F79EFBC}") = "DumpConfig", "DumpConfig\DumpConfig.csproj", "{A8096C09-75F5-4FA0-BD5C-FCB280EC5C19}"
EndProject
Project("{FAE04EC0-301F-11D3-BF4B-00C04F79EFBC}") = "KanoopCommon", "..\KanoopCommon\KanoopCommon.csproj", "{5C9D80A6-6FC0-4B59-B1CF-D2EC261B4B00}"
EndProject
Project("{FAE04EC0-301F-11D3-BF4B-00C04F79EFBC}") = "ServoTest", "ServoTest\ServoTest.csproj", "{679F1250-BC3F-4F3F-A75E-5C5128F900C6}"
EndProject
Global
	GlobalSection(SolutionConfigurationPlatforms) = preSolution
		Debug|Any CPU = Debug|Any CPU
		Debug|x64 = Debug|x64
		Debug|x86 = Debug|x86
		Release|Any CPU = Release|Any CPU
		Release|x64 = Release|x64
		Release|x86 = Release|x86
	EndGlobalSection
	GlobalSection(ProjectConfigurationPlatforms) = postSolution
		{0194337C-274D-42F2-A1DB-0166F0AC73EB}.Debug|Any CPU.ActiveCfg = Debug|Any CPU
		{0194337C-274D-42F2-A1DB-0166F0AC73EB}.Debug|Any CPU.Build.0 = Debug|Any CPU
		{0194337C-274D-42F2-A1DB-0166F0AC73EB}.Debug|x64.ActiveCfg = Debug|x64
		{0194337C-274D-42F2-A1DB-0166F0AC73EB}.Debug|x64.Build.0 = Debug|x64
		{0194337C-274D-42F2-A1DB-0166F0AC73EB}.Debug|x86.ActiveCfg = Debug|Any CPU
		{0194337C-274D-42F2-A1DB-0166F0AC73EB}.Debug|x86.Build.0 = Debug|Any CPU
		{0194337C-274D-42F2-A1DB-0166F0AC73EB}.Release|Any CPU.ActiveCfg = Release|Any CPU
		{0194337C-274D-42F2-A1DB-0166F0AC73EB}.Release|Any CPU.Build.0 = Release|Any CPU
		{0194337C-274D-42F2-A1DB-0166F0AC73EB}.Release|x64.ActiveCfg = Release|Any CPU
		{0194337C-274D-42F2-A1DB-0166F0AC73EB}.Release|x64.Build.0 = Release|Any CPU
		{0194337C-274D-42F2-A1DB-0166F0AC73EB}.Release|x86.ActiveCfg = Release|Any CPU
		{0194337C-274D-42F2-A1DB-0166F0AC73EB}.Release|x86.Build.0 = Release|Any CPU
		{6B773885-06A6-43CD-AC14-15868C325596}.Debug|Any CPU.ActiveCfg = Debug|Any CPU
		{6B773885-06A6-43CD-AC14-15868C325596}.Debug|Any CPU.Build.0 = Debug|Any CPU
		{6B773885-06A6-43CD-AC14-15868C325596}.Debug|x64.ActiveCfg = Debug|Any CPU
		{6B773885-06A6-43CD-AC14-15868C325596}.Debug|x64.Build.0 = Debug|Any CPU
		{6B773885-06A6-43CD-AC14-15868C325596}.Debug|x86.ActiveCfg = Debug|Any CPU
		{6B773885-06A6-43CD-AC14-15868C325596}.Debug|x86.Build.0 = Debug|Any CPU
		{6B773885-06A6-43CD-AC14-15868C325596}.Release|Any CPU.ActiveCfg = Release|Any CPU
		{6B773885-06A6-43CD-AC14-15868C325596}.Release|Any CPU.Build.0 = Release|Any CPU
		{6B773885-06A6-43CD-AC14-15868C325596}.Release|x64.ActiveCfg = Release|Any CPU
		{6B773885-06A6-43CD-AC14-15868C325596}.Release|x64.Build.0 = Release|Any CPU
		{6B773885-06A6-43CD-AC14-15868C325596}.Release|x86.ActiveCfg = Release|Any CPU
		{6B773885-06A6-43CD-AC14-15868C325596}.Release|x86.Build.0 = Release|Any CPU
		{60A7BC6C-FC97-42BA-82C5-53FE42E30B39}.Debug|Any CPU.ActiveCfg = Debug|Any CPU
		{60A7BC6C-FC97-42BA-82C5-53FE42E30B39}.Debug|Any CPU.Build.0 = Debug|Any CPU
		{60A7BC6C-FC97-42BA-82C5-53FE42E30B39}.Debug|x64.ActiveCfg = Debug|Any CPU
		{60A7BC6C-FC97-42BA-82C5-53FE42E30B39}.Debug|x64.Build.0 = Debug|Any CPU
		{60A7BC6C-FC97-42BA-82C5-53FE42E30B39}.Debug|x86.ActiveCfg = Debug|Any CPU
		{60A7BC6C-FC97-42BA-82C5-53FE42E30B39}.Debug|x86.Build.0 = Debug|Any CPU
		{60A7BC6C-FC97-42BA-82C5-53FE42E30B39}.Release|Any CPU.ActiveCfg = Release|Any CPU
		{60A7BC6C-FC97-42BA-82C5-53FE42E30B39}.Release|Any CPU.Build.0 = Release|Any CPU
		{60A7BC6C-FC97-42BA-82C5-53FE42E30B39}.Release|x64.ActiveCfg = Release|Any CPU
		{60A7BC6C-FC97-42BA-82C5-53FE42E30B39}.Release|x64.Build.0 = Release|Any CPU
		{60A7BC6C-FC97-42BA-82C5-53FE42E30B39}.Release|x86.ActiveCfg = Release|Any CPU
		{60A7BC6C-FC97-42BA-82C5-53FE42E30B39}.Release|x86.Build.0 = Release|Any CPU
		{573B503C-3E2C-45C2-B2E3-47FF0E0BD0A0}.Debug|Any CPU.ActiveCfg = Debug|Any CPU
		{573B503C-3E2C-45C2-B2E3-47FF0E0BD0A0}.Debug|Any CPU.Build.0 = Debug|Any CPU
		{573B503C-3E2C-45C2-B2E3-47FF0E0BD0A0}.Debug|x64.ActiveCfg = Debug|Any CPU
		{573B503C-3E2C-45C2-B2E3-47FF0E0BD0A0}.Debug|x64.Build.0 = Debug|Any CPU
		{573B503C-3E2C-45C2-B2E3-47FF0E0BD0A0}.Debug|x86.ActiveCfg = Debug|Any CPU
		{573B503C-3E2C-45C2-B2E3-47FF0E0BD0A0}.Debug|x86.Build.0 = Debug|Any CPU
		{573B503C-3E2C-45C2-B2E3-47FF0E0BD0A0}.Release|Any CPU.ActiveCfg = Release|Any CPU
		{573B503C-3E2C-45C2-B2E3-47FF0E0BD0A0}.Release|Any CPU.Build.0 = Release|Any CPU
		{573B503C-3E2C-45C2-B2E3-47FF0E0BD0A0}.Release|x64.ActiveCfg = Release|Any CPU
		{573B503C-3E2C-45C2-B2E3-47FF0E0BD0A0}.Release|x64.Build.0 = Release|Any CPU
		{573B503C-3E2C-45C2-B2E3-47FF0E0BD0A0}.Release|x86.ActiveCfg = Release|Any CPU
		{573B503C-3E2C-45C2-B2E3-47FF0E0BD0A0}.Release|x86.Build.0 = Release|Any CPU
		{52296CEF-4BC8-423A-A1D9-9B900B3E99B9}.Debug|Any CPU.ActiveCfg = Debug|Any CPU
		{52296CEF-4BC8-423A-A1D9-9B900B3E99B9}.Debug|Any CPU.Build.0 = Debug|Any CPU
		{52296CEF-4BC8-423A-A1D9-9B900B3E99B9}.Debug|x64.ActiveCfg = Debug|Any CPU
		{52296CEF-4BC8-423A-A1D9-9B900B3E99B9}.Debug|x64.Build.0 = Debug|Any CPU
		{52296CEF-4BC8-423A-A1D9-9B900B3E99B9}.Debug|x86.ActiveCfg = Debug|Any CPU
		{52296CEF-4BC8-423A-A1D9-9B900B3E99B9}.Debug|x86.Build.0 = Debug|Any CPU
		{52296CEF-4BC8-423A-A1D9-9B900B3E99B9}.Release|Any CPU.ActiveCfg = Release|Any CPU
		{52296CEF-4BC8-423A-A1D9-9B900B3E99B9}.Release|Any CPU.Build.0 = Release|Any CPU
		{52296CEF-4BC8-423A-A1D9-9B900B3E99B9}.Release|x64.ActiveCfg = Release|Any CPU
		{52296CEF-4BC8-423A-A1D9-9B900B3E99B9}.Release|x64.Build.0 = Release|Any CPU
		{52296CEF-4BC8-423A-A1D9-9B900B3E99B9}.Release|x86.ActiveCfg = Release|Any CPU
		{52296CEF-4BC8-423A-A1D9-9B900B3E99B9}.Release|x86.Build.0 = Release|Any CPU
		{BAA12E3A-EED6-4607-BE68-C6DD3780FA36}.Debug|Any CPU.ActiveCfg = Debug|Any CPU
		{BAA12E3A-EED6-4607-BE68-C6DD3780FA36}.Debug|Any CPU.Build.0 = Debug|Any CPU
		{BAA12E3A-EED6-4607-BE68-C6DD3780FA36}.Debug|x64.ActiveCfg = Debug|Any CPU
		{BAA12E3A-EED6-4607-BE68-C6DD3780FA36}.Debug|x64.Build.0 = Debug|Any CPU
		{BAA12E3A-EED6-4607-BE68-C6DD3780FA36}.Debug|x86.ActiveCfg = Debug|Any CPU
		{BAA12E3A-EED6-4607-BE68-C6DD3780FA36}.Debug|x86.Build.0 = Debug|Any CPU
		{BAA12E3A-EED6-4607-BE68-C6DD3780FA36}.Release|Any CPU.ActiveCfg = Release|Any CPU
		{BAA12E3A-EED6-4607-BE68-C6DD3780FA36}.Release|Any CPU.Build.0 = Release|Any CPU
		{BAA12E3A-EED6-4607-BE68-C6DD3780FA36}.Release|x64.ActiveCfg = Release|Any CPU
		{BAA12E3A-EED6-4607-BE68-C6DD3780FA36}.Release|x64.Build.0 = Release|Any CPU
		{BAA12E3A-EED6-4607-BE68-C6DD3780FA36}.Release|x86.ActiveCfg = Release|Any CPU
		{BAA12E3A-EED6-4607-BE68-C6DD3780FA36}.Release|x86.Build.0 = Release|Any CPU
		{9F996F82-02C2-410D-8B69-B7DCECC507E4}.Debug|Any CPU.ActiveCfg = Debug|Any CPU
		{9F996F82-02C2-410D-8B69-B7DCECC507E4}.Debug|Any CPU.Build.0 = Debug|Any CPU
		{9F996F82-02C2-410D-8B69-B7DCECC507E4}.Debug|x64.ActiveCfg = Debug|Any CPU
		{9F996F82-02C2-410D-8B69-B7DCECC507E4}.Debug|x64.Build.0 = Debug|Any CPU
		{9F996F82-02C2-410D-8B69-B7DCECC507E4}.Debug|x86.ActiveCfg = Debug|Any CPU
		{9F996F82-02C2-410D-8B69-B7DCECC507E4}.Debug|x86.Build.0 = Debug|Any CPU
		{9F996F82-02C2-410D-8B69-B7DCECC507E4}.Release|Any CPU.ActiveCfg = Release|Any CPU
		{9F996F82-02C2-410D-8B69-B7DCECC507E4}.Release|Any CPU.Build.0 = Release|Any CPU
		{9F996F82-02C2-410D-8B69-B7DCECC507E4}.Release|x64.ActiveCfg = Release|Any CPU
		{9F996F82-02C2-410D-8B69-B7DCECC507E4}.Release|x64.Build.0 = Release|Any CPU
		{9F996F82-02C2-410D-8B69-B7DCECC507E4}.Release|x86.ActiveCfg = Release|Any CPU
		{9F996F82-02C2-410D-8B69-B7DCECC507E4}.Release|x86.Build.0 = Release|Any CPU
		{A8096C09-75F5-4FA0-BD5C-FCB280EC5C19}.Debug|Any CPU.ActiveCfg = Debug|Any CPU
		{A8096C09-75F5-4FA0-BD5C-FCB280EC5C19}.Debug|Any CPU.Build.0 = Debug|Any CPU
		{A8096C09-75F5-4FA0-BD5C-FCB280EC5C19}.Debug|x64.ActiveCfg = Debug|Any CPU
		{A8096C09-75F5-4FA0-BD5C-FCB280EC5C19}.Debug|x64.Build.0 = Debug|Any CPU
		{A8096C09-75F5-4FA0-BD5C-FCB280EC5C19}.Debug|x86.ActiveCfg = Debug|Any CPU
		{A8096C09-75F5-4FA0-BD5C-FCB280EC5C19}.Debug|x86.Build.0 = Debug|Any CPU
		{A8096C09-75F5-4FA0-BD5C-FCB280EC5C19}.Release|Any CPU.ActiveCfg = Release|Any CPU
		{A8096C09-75F5-4FA0-BD5C-FCB280EC5C19}.Release|Any CPU.Build.0 = Release|Any CPU
		{A8096C09-75F5-4FA0-BD5C-FCB280EC5C19}.Release|x64.ActiveCfg = Release|Any CPU
		{A8096C09-75F5-4FA0-BD5C-FCB280EC5C19}.Release|x64.Build.0 = Release|Any CPU
		{A8096C09-75F5-4FA0-BD5C-FCB280EC5C19}.Release|x86.ActiveCfg = Release|Any CPU
		{A8096C09-75F5-4FA0-BD5C-FCB280EC5C19}.Release|x86.Build.0 = Release|Any CPU
		{5C9D80A6-6FC0-4B59-B1CF-D2EC261B4B00}.Debug|Any CPU.ActiveCfg = Debug|Any CPU
		{5C9D80A6-6FC0-4B59-B1CF-D2EC261B4B00}.Debug|Any CPU.Build.0 = Debug|Any CPU
		{5C9D80A6-6FC0-4B59-B1CF-D2EC261B4B00}.Debug|x64.ActiveCfg = Debug|Any CPU
		{5C9D80A6-6FC0-4B59-B1CF-D2EC261B4B00}.Debug|x64.Build.0 = Debug|Any CPU
		{5C9D80A6-6FC0-4B59-B1CF-D2EC261B4B00}.Debug|x86.ActiveCfg = Debug|Any CPU
		{5C9D80A6-6FC0-4B59-B1CF-D2EC261B4B00}.Debug|x86.Build.0 = Debug|Any CPU
		{5C9D80A6-6FC0-4B59-B1CF-D2EC261B4B00}.Release|Any CPU.ActiveCfg = Release|Any CPU
		{5C9D80A6-6FC0-4B59-B1CF-D2EC261B4B00}.Release|Any CPU.Build.0 = Release|Any CPU
		{5C9D80A6-6FC0-4B59-B1CF-D2EC261B4B00}.Release|x64.ActiveCfg = Release|Any CPU
		{5C9D80A6-6FC0-4B59-B1CF-D2EC261B4B00}.Release|x64.Build.0 = Release|Any CPU
		{5C9D80A6-6FC0-4B59-B1CF-D2EC261B4B00}.Release|x86.ActiveCfg = Release|Any CPU
		{5C9D80A6-6FC0-4B59-B1CF-D2EC261B4B00}.Release|x86.Build.0 = Release|Any CPU
		{679F1250-BC3F-4F3F-A75E-5C5128F900C6}.Debug|Any CPU.ActiveCfg = Debug|Any CPU
		{679F1250-BC3F-4F3F-A75E-5C5128F900C6}.Debug|Any CPU.Build.0 = Debug|Any CPU
		{679F1250-BC3F-4F3F-A75E-5C5128F900C6}.Debug|x64.ActiveCfg = Debug|Any CPU
		{679F1250-BC3F-4F3F-A75E-5C5128F900C6}.Debug|x64.Build.0 = Debug|Any CPU
		{679F1250-BC3F-4F3F-A75E-5C5128F900C6}.Debug|x86.ActiveCfg = Debug|Any CPU
		{679F1250-BC3F-4F3F-A75E-5C5128F900C6}.Debug|x86.Build.0 = Debug|Any CPU
		{679F1250-BC3F-4F3F-A75E-5C5128F900C6}.Release|Any CPU.ActiveCfg = Release|Any CPU
		{679F1250-BC3F-4F3F-A75E-5C5128F900C6}.Release|Any CPU.Build.0 = Release|Any CPU
		{679F1250-BC3F-4F3F-A75E-5C5128F900C6}.Release|x64.ActiveCfg = Release|Any CPU
		{679F1250-BC3F-4F3F-A75E-5C5128F900C6}.Release|x64.Build.0 = Release|Any CPU
		{679F1250-BC3F-4F3F-A75E-5C5128F900C6}.Release|x86.ActiveCfg = Release|Any CPU
		{679F1250-BC3F-4F3F-A75E-5C5128F900C6}.Release|x86.Build.0 = Release|Any CPU
	EndGlobalSection
	GlobalSection(SolutionProperties) = preSolution
		HideSolutionNode = FALSE
	EndGlobalSection
	GlobalSection(ExtensibilityGlobals) = postSolution
		SolutionGuid = {7A94D424-0394-4A32-A828-B60510D72A1F}
	EndGlobalSection
EndGlobal
